{
  "name": "composio-integration",
  "lockfileVersion": 3,
  "requires": true,
  "packages": {
    "": {
      "dependencies": {
        "@composio/client": "^0.1.0-alpha.55"
      }
    },
    "node_modules/@composio/client": {
      "version": "0.1.0-alpha.55",
      "resolved": "https://registry.npmjs.org/@composio/client/-/client-0.1.0-alpha.55.tgz",
      "integrity": "sha512-nINJ2bgqZi+eyNSPSd1p9hc7CryXqYonlhJqaw6U9gUeLYBq27ASpIM3ddi61j+6U6+ZKeaX1FmO3hcJwH4wCw==",
      "license": "Apache-2.0"
    }
  }
}
