{
  "name": "google-workspace-plugin",
  "version": "1.0.0",
  "lockfileVersion": 3,
  "requires": true,
  "packages": {
    "": {
      "name": "google-workspace-plugin",
      "version": "1.0.0",
      "devDependencies": {
        "@openclaw/plugin-sdk": "file:../../../../../home/marku/.openclaw/plugin-runtime-deps/openclaw-2026.4.24-b4baa132457d/dist/extensions/node_modules/openclaw/plugin-sdk",
        "@types/node": "^20.0.0",
        "typescript": "^5.0.0"
      }
    },
    "../../../../../home/marku/.openclaw/plugin-runtime-deps/openclaw-2026.4.24-b4baa132457d/dist/extensions/node_modules/openclaw/plugin-sdk": {
      "dev": true
    },
    "node_modules/.pnpm/@types+node@20.19.39": {
      "dev": true
    },
    "node_modules/.pnpm/@types+node@20.19.39/node_modules/@types/node": {
      "version": "20.19.39",
      "dev": true,
      "license": "MIT",
      "dependencies": {
        "undici-types": "~6.21.0"
      }
    },
    "node_modules/.pnpm/@types+node@20.19.39/node_modules/@types/node/node_modules/undici-types": {
      "version": "6.21.0",
      "resolved": "https://registry.npmjs.org/undici-types/-/undici-types-6.21.0.tgz",
      "integrity": "sha512-iwDZqg0QAGrg9Rav5H4n0M64c3mkR59cJ6wQp+7C4nI0gsmExaedaYLNO44eT4AtBBwjbTiGPMlt2Md0T9H9JQ==",
      "dev": true,
      "license": "MIT"
    },
    "node_modules/.pnpm/typescript@5.9.3": {
      "dev": true
    },
    "node_modules/.pnpm/typescript@5.9.3/node_modules/typescript": {
      "version": "5.9.3",
      "dev": true,
      "license": "Apache-2.0",
      "bin": {
        "tsc": "bin/tsc",
        "tsserver": "bin/tsserver"
      },
      "engines": {
        "node": ">=14.17"
      }
    },
    "node_modules/@openclaw/plugin-sdk": {
      "resolved": "../../../../../home/marku/.openclaw/plugin-runtime-deps/openclaw-2026.4.24-b4baa132457d/dist/extensions/node_modules/openclaw/plugin-sdk",
      "link": true
    },
    "node_modules/@types/node": {
      "resolved": "node_modules/.pnpm/@types+node@20.19.39/node_modules/@types/node",
      "link": true
    },
    "node_modules/typescript": {
      "resolved": "node_modules/.pnpm/typescript@5.9.3/node_modules/typescript",
      "link": true
    }
  }
}
